
Microsoft Visual Studio Solution File, Format Version 12.00
# Visual Studio Version 17
VisualStudioVersion = 17.14.36414.22 d17.14
MinimumVisualStudioVersion = 10.0.40219.1
Project("{FAE04EC0-301F-11D3-BF4B-00C04F79EFBC}") = "CSharpBasics", "CSharpBasics.csproj", "{3893C505-46CC-4432-910E-F566347E91F6}"
EndProject
Global
	GlobalSection(SolutionConfigurationPlatforms) = preSolution
		Debug|Any CPU = Debug|Any CPU
		Release|Any CPU = Release|Any CPU
	EndGlobalSection
	GlobalSection(ProjectConfigurationPlatforms) = postSolution
		{3893C505-46CC-4432-910E-F566347E91F6}.Debug|Any CPU.ActiveCfg = Debug|Any CPU
		{3893C505-46CC-4432-910E-F566347E91F6}.Debug|Any CPU.Build.0 = Debug|Any CPU
		{3893C505-46CC-4432-910E-F566347E91F6}.Release|Any CPU.ActiveCfg = Release|Any CPU
		{3893C505-46CC-4432-910E-F566347E91F6}.Release|Any CPU.Build.0 = Release|Any CPU
	EndGlobalSection
	GlobalSection(SolutionProperties) = preSolution
		HideSolutionNode = FALSE
	EndGlobalSection
	GlobalSection(ExtensibilityGlobals) = postSolution
		SolutionGuid = {594B45A9-4BE0-4636-9EB4-718D82B12B19}
	EndGlobalSection
EndGlobal
